<?xml version="1.0" encoding="utf-8"?>
<Project ToolsVersion="4.0" xmlns="http://schemas.microsoft.com/developer/msbuild/2003">
  <ItemGroup>
    <Filter Include="Reflect">
      <UniqueIdentifier>{EAD1F29E-56B1-713A-5FC9-FC10CB27D89B}</UniqueIdentifier>
    </Filter>
    <Filter Include="Reflect\inc">
      <UniqueIdentifier>{F349999E-5FFF-1194-E8F3-0B6B54A80898}</UniqueIdentifier>
    </Filter>
    <Filter Include="Reflect\inc\CodeGenerate">
      <UniqueIdentifier>{28FB2509-1420-7589-3D6B-5A1929EF73A7}</UniqueIdentifier>
    </Filter>
    <Filter Include="Reflect\inc\Core">
      <UniqueIdentifier>{2B9E1D29-1797-3C7B-40C9-21002C211C87}</UniqueIdentifier>
    </Filter>
    <Filter Include="Reflect\inc\FileParser">
      <UniqueIdentifier>{8FD7C6B3-7BD1-EF05-643E-861650D75572}</UniqueIdentifier>
    </Filter>
    <Filter Include="Reflect\src">
      <UniqueIdentifier>{0175999E-6D2A-1294-F61E-0C6B62D30898}</UniqueIdentifier>
    </Filter>
    <Filter Include="Reflect\src\CodeGenerate">
      <UniqueIdentifier>{F62C5710-E251-A690-0B9D-8B20F720A5AE}</UniqueIdentifier>
    </Filter>
    <Filter Include="Reflect\src\Core">
      <UniqueIdentifier>{F9E19897-E5DA-B7E9-0E0D-9D6EFA6497F5}</UniqueIdentifier>
    </Filter>
    <Filter Include="Reflect\src\FileParser">
      <UniqueIdentifier>{DD3DC541-C937-EE93-B2A4-84A49E3D5400}</UniqueIdentifier>
    </Filter>
    <Filter Include="src">
      <UniqueIdentifier>{2DAB880B-99B4-887C-2230-9F7C8E38947C}</UniqueIdentifier>
    </Filter>
  </ItemGroup>
  <ItemGroup>
    <ClInclude Include="..\Reflect\inc\CodeGenerate\CodeGenerate.h">
      <Filter>Reflect\inc\CodeGenerate</Filter>
    </ClInclude>
    <ClInclude Include="..\Reflect\inc\CodeGenerate\CodeGenerateHeader.h">
      <Filter>Reflect\inc\CodeGenerate</Filter>
    </ClInclude>
    <ClInclude Include="..\Reflect\inc\CodeGenerate\CodeGenerateSource.h">
      <Filter>Reflect\inc\CodeGenerate</Filter>
    </ClInclude>
    <ClInclude Include="..\Reflect\inc\Core\Compiler.h">
      <Filter>Reflect\inc\Core</Filter>
    </ClInclude>
    <ClInclude Include="..\Reflect\inc\Core\Core.h">
      <Filter>Reflect\inc\Core</Filter>
    </ClInclude>
    <ClInclude Include="..\Reflect\inc\Core\Enums.h">
      <Filter>Reflect\inc\Core</Filter>
    </ClInclude>
    <ClInclude Include="..\Reflect\inc\Core\ReflectObject.h">
      <Filter>Reflect\inc\Core</Filter>
    </ClInclude>
    <ClInclude Include="..\Reflect\inc\Core\Util.h">
      <Filter>Reflect\inc\Core</Filter>
    </ClInclude>
    <ClInclude Include="..\Reflect\inc\FileParser\FileParser.h">
      <Filter>Reflect\inc\FileParser</Filter>
    </ClInclude>
    <ClInclude Include="..\Reflect\inc\Reflect.h">
      <Filter>Reflect\inc</Filter>
    </ClInclude>
    <ClInclude Include="..\Reflect\inc\ReflectStructs.h">
      <Filter>Reflect\inc</Filter>
    </ClInclude>
  </ItemGroup>
  <ItemGroup>
    <ClCompile Include="..\Reflect\src\CodeGenerate\CodeGenerate.cpp">
      <Filter>Reflect\src\CodeGenerate</Filter>
    </ClCompile>
    <ClCompile Include="..\Reflect\src\CodeGenerate\CodeGenerateHeader.cpp">
      <Filter>Reflect\src\CodeGenerate</Filter>
    </ClCompile>
    <ClCompile Include="..\Reflect\src\CodeGenerate\CodeGenerateSource.cpp">
      <Filter>Reflect\src\CodeGenerate</Filter>
    </ClCompile>
    <ClCompile Include="..\Reflect\src\Core\Enums.cpp">
      <Filter>Reflect\src\Core</Filter>
    </ClCompile>
    <ClCompile Include="..\Reflect\src\Core\ReflectObject.cpp">
      <Filter>Reflect\src\Core</Filter>
    </ClCompile>
    <ClCompile Include="..\Reflect\src\Core\Util.cpp">
      <Filter>Reflect\src\Core</Filter>
    </ClCompile>
    <ClCompile Include="..\Reflect\src\FileParser\FileParser.cpp">
      <Filter>Reflect\src\FileParser</Filter>
    </ClCompile>
    <ClCompile Include="src\main.cpp">
      <Filter>src</Filter>
    </ClCompile>
  </ItemGroup>
</Project>