<?xml version="1.0" encoding="utf-8"?>
<Project ToolsVersion="4.0" xmlns="http://schemas.microsoft.com/developer/msbuild/2003">
  <ItemGroup>
    <Filter Include="Generated">
      <UniqueIdentifier>{3416FE7D-A080-B2F4-E9BE-639A55689049}</UniqueIdentifier>
    </Filter>
  </ItemGroup>
  <ItemGroup>
    <ClInclude Include="src\Generated\TestStrcuts_reflect_generated.h">
      <Filter>Generated</Filter>
    </ClInclude>
    <ClInclude Include="src\TestStrcuts.h" />
  </ItemGroup>
  <ItemGroup>
    <ClCompile Include="src\Generated\TestStrcuts_reflect_generated.cpp">
      <Filter>Generated</Filter>
    </ClCompile>
    <ClCompile Include="src\TestStructs.cpp" />
    <ClCompile Include="src\main.cpp" />
  </ItemGroup>
</Project>